// !$*UTF8*$!
{
	archiveVersion = 1;
	classes = {
	};
	objectVersion = 46;
	objects = {

/* Begin PBXBuildFile section */
		708367D219DCA57700E2FCA0 /* GTDataManagerTests.m in Sources */ = {isa = PBXBuildFile; fileRef = 708367D119DCA57700E2FCA0 /* GTDataManagerTests.m */; };
		AB054E15185020B800D0DB7D /* list-star-7.png in Resources */ = {isa = PBXBuildFile; fileRef = AB054E14185020B800D0DB7D /* list-star-7.png */; };
		AB054E17185020E100D0DB7D /* map-pin-7.png in Resources */ = {isa = PBXBuildFile; fileRef = AB054E16185020E100D0DB7D /* map-pin-7.png */; };
		AB597A0617F6326B00970F95 /* GTFormViewController.m in Sources */ = {isa = PBXBuildFile; fileRef = AB597A0517F6326B00970F95 /* GTFormViewController.m */; };
		AB6A566E1846C74300318BB3 /* Location.m in Sources */ = {isa = PBXBuildFile; fileRef = AB6A566D1846C74300318BB3 /* Location.m */; };
		ABA8BCB217FB687400245158 /* CoreData.framework in Frameworks */ = {isa = PBXBuildFile; fileRef = ABA8BCB117FB687400245158 /* CoreData.framework */; };
		ABA8BCB517FB68FE00245158 /* GTDataManager.m in Sources */ = {isa = PBXBuildFile; fileRef = ABA8BCB417FB68FE00245158 /* GTDataManager.m */; };
		ABC74335184EC6BD00F44002 /* GTUserInfoUpdateController.m in Sources */ = {isa = PBXBuildFile; fileRef = ABC74334184EC6BD00F44002 /* GTUserInfoUpdateController.m */; };
		ABC7433B184ED14200F44002 /* Settings.m in Sources */ = {isa = PBXBuildFile; fileRef = ABC7433A184ED14200F44002 /* Settings.m */; };
		ABD0461517F513CD00C0B201 /* Foundation.framework in Frameworks */ = {isa = PBXBuildFile; fileRef = ABD0461417F513CD00C0B201 /* Foundation.framework */; };
		ABD0461717F513CD00C0B201 /* CoreGraphics.framework in Frameworks */ = {isa = PBXBuildFile; fileRef = ABD0461617F513CD00C0B201 /* CoreGraphics.framework */; };
		ABD0461917F513CD00C0B201 /* UIKit.framework in Frameworks */ = {isa = PBXBuildFile; fileRef = ABD0461817F513CD00C0B201 /* UIKit.framework */; };
		ABD0461F17F513CD00C0B201 /* InfoPlist.strings in Resources */ = {isa = PBXBuildFile; fileRef = ABD0461D17F513CD00C0B201 /* InfoPlist.strings */; };
		ABD0462117F513CD00C0B201 /* main.m in Sources */ = {isa = PBXBuildFile; fileRef = ABD0462017F513CD00C0B201 /* main.m */; };
		ABD0462517F513CD00C0B201 /* GeoTaggerAppDelegate.m in Sources */ = {isa = PBXBuildFile; fileRef = ABD0462417F513CD00C0B201 /* GeoTaggerAppDelegate.m */; };
		ABD0462817F513CD00C0B201 /* Main.storyboard in Resources */ = {isa = PBXBuildFile; fileRef = ABD0462617F513CD00C0B201 /* Main.storyboard */; };
		ABD0462B17F513CD00C0B201 /* GeoTaggerViewController.m in Sources */ = {isa = PBXBuildFile; fileRef = ABD0462A17F513CD00C0B201 /* GeoTaggerViewController.m */; };
		ABD0462D17F513CD00C0B201 /* Images.xcassets in Resources */ = {isa = PBXBuildFile; fileRef = ABD0462C17F513CD00C0B201 /* Images.xcassets */; };
		ABD0463417F513CD00C0B201 /* XCTest.framework in Frameworks */ = {isa = PBXBuildFile; fileRef = ABD0463317F513CD00C0B201 /* XCTest.framework */; };
		ABD0463517F513CD00C0B201 /* Foundation.framework in Frameworks */ = {isa = PBXBuildFile; fileRef = ABD0461417F513CD00C0B201 /* Foundation.framework */; };
		ABD0463617F513CD00C0B201 /* UIKit.framework in Frameworks */ = {isa = PBXBuildFile; fileRef = ABD0461817F513CD00C0B201 /* UIKit.framework */; };
		ABD0463E17F513CD00C0B201 /* InfoPlist.strings in Resources */ = {isa = PBXBuildFile; fileRef = ABD0463C17F513CD00C0B201 /* InfoPlist.strings */; };
		ABD0464A17F513E500C0B201 /* CoreLocation.framework in Frameworks */ = {isa = PBXBuildFile; fileRef = ABD0464917F513E500C0B201 /* CoreLocation.framework */; };
		ABD0464C17F513F000C0B201 /* MapKit.framework in Frameworks */ = {isa = PBXBuildFile; fileRef = ABD0464B17F513F000C0B201 /* MapKit.framework */; };
		ABD0469317F5244700C0B201 /* GTMapPoint.m in Sources */ = {isa = PBXBuildFile; fileRef = ABD0469217F5244700C0B201 /* GTMapPoint.m */; };
		ABE17C6917FD0B4D0090C95F /* GTListViewController.m in Sources */ = {isa = PBXBuildFile; fileRef = ABE17C6817FD0B4D0090C95F /* GTListViewController.m */; };
		ABE3AFDB183C545B0034319B /* GeoTagger.xcdatamodeld in Sources */ = {isa = PBXBuildFile; fileRef = ABE3AFD9183C545B0034319B /* GeoTagger.xcdatamodeld */; };
		ABEF592B183EE61000EA2170 /* GTSettingsViewController.m in Sources */ = {isa = PBXBuildFile; fileRef = ABEF592A183EE61000EA2170 /* GTSettingsViewController.m */; };
		ABEF592E183EE8C800EA2170 /* GTSettings.m in Sources */ = {isa = PBXBuildFile; fileRef = ABEF592D183EE8C800EA2170 /* GTSettings.m */; };
		ABF0E61B185004B700866D75 /* 4K_logo_app_icon.png in Resources */ = {isa = PBXBuildFile; fileRef = ABF0E61A185004B700866D75 /* 4K_logo_app_icon.png */; };
		ABF7ECB0184D7FFB00499A9C /* Sync.m in Sources */ = {isa = PBXBuildFile; fileRef = ABF7ECAF184D7FFB00499A9C /* Sync.m */; };
/* End PBXBuildFile section */

/* Begin PBXContainerItemProxy section */
		ABD0463717F513CD00C0B201 /* PBXContainerItemProxy */ = {
			isa = PBXContainerItemProxy;
			containerPortal = ABD0460917F513CD00C0B201 /* Project object */;
			proxyType = 1;
			remoteGlobalIDString = ABD0461017F513CD00C0B201;
			remoteInfo = GeoTagger;
		};
/* End PBXContainerItemProxy section */

/* Begin PBXFileReference section */
		708367D119DCA57700E2FCA0 /* GTDataManagerTests.m */ = {isa = PBXFileReference; fileEncoding = 4; lastKnownFileType = sourcecode.c.objc; path = GTDataManagerTests.m; sourceTree = "<group>"; };
		AB054E14185020B800D0DB7D /* list-star-7.png */ = {isa = PBXFileReference; lastKnownFileType = image.png; name = "list-star-7.png"; path = "../list-star-7.png"; sourceTree = "<group>"; };
		AB054E16185020E100D0DB7D /* map-pin-7.png */ = {isa = PBXFileReference; lastKnownFileType = image.png; name = "map-pin-7.png"; path = "../map-pin-7.png"; sourceTree = "<group>"; };
		AB597A0417F6326B00970F95 /* GTFormViewController.h */ = {isa = PBXFileReference; fileEncoding = 4; lastKnownFileType = sourcecode.c.h; path = GTFormViewController.h; sourceTree = "<group>"; };
		AB597A0517F6326B00970F95 /* GTFormViewController.m */ = {isa = PBXFileReference; fileEncoding = 4; lastKnownFileType = sourcecode.c.objc; path = GTFormViewController.m; sourceTree = "<group>"; };
		AB6A566C1846C74300318BB3 /* Location.h */ = {isa = PBXFileReference; fileEncoding = 4; lastKnownFileType = sourcecode.c.h; path = Location.h; sourceTree = "<group>"; };
		AB6A566D1846C74300318BB3 /* Location.m */ = {isa = PBXFileReference; fileEncoding = 4; lastKnownFileType = sourcecode.c.objc; path = Location.m; sourceTree = "<group>"; };
		ABA8BCB117FB687400245158 /* CoreData.framework */ = {isa = PBXFileReference; lastKnownFileType = wrapper.framework; name = CoreData.framework; path = System/Library/Frameworks/CoreData.framework; sourceTree = SDKROOT; };
		ABA8BCB317FB68FE00245158 /* GTDataManager.h */ = {isa = PBXFileReference; fileEncoding = 4; lastKnownFileType = sourcecode.c.h; path = GTDataManager.h; sourceTree = "<group>"; };
		ABA8BCB417FB68FE00245158 /* GTDataManager.m */ = {isa = PBXFileReference; fileEncoding = 4; lastKnownFileType = sourcecode.c.objc; path = GTDataManager.m; sourceTree = "<group>"; };
		ABC74333184EC6BD00F44002 /* GTUserInfoUpdateController.h */ = {isa = PBXFileReference; fileEncoding = 4; lastKnownFileType = sourcecode.c.h; path = GTUserInfoUpdateController.h; sourceTree = "<group>"; };
		ABC74334184EC6BD00F44002 /* GTUserInfoUpdateController.m */ = {isa = PBXFileReference; fileEncoding = 4; lastKnownFileType = sourcecode.c.objc; path = GTUserInfoUpdateController.m; sourceTree = "<group>"; };
		ABC74339184ED14200F44002 /* Settings.h */ = {isa = PBXFileReference; fileEncoding = 4; lastKnownFileType = sourcecode.c.h; path = Settings.h; sourceTree = "<group>"; };
		ABC7433A184ED14200F44002 /* Settings.m */ = {isa = PBXFileReference; fileEncoding = 4; lastKnownFileType = sourcecode.c.objc; path = Settings.m; sourceTree = "<group>"; };
		ABD0461117F513CD00C0B201 /* GeoTagger.app */ = {isa = PBXFileReference; explicitFileType = wrapper.application; includeInIndex = 0; path = GeoTagger.app; sourceTree = BUILT_PRODUCTS_DIR; };
		ABD0461417F513CD00C0B201 /* Foundation.framework */ = {isa = PBXFileReference; lastKnownFileType = wrapper.framework; name = Foundation.framework; path = System/Library/Frameworks/Foundation.framework; sourceTree = SDKROOT; };
		ABD0461617F513CD00C0B201 /* CoreGraphics.framework */ = {isa = PBXFileReference; lastKnownFileType = wrapper.framework; name = CoreGraphics.framework; path = System/Library/Frameworks/CoreGraphics.framework; sourceTree = SDKROOT; };
		ABD0461817F513CD00C0B201 /* UIKit.framework */ = {isa = PBXFileReference; lastKnownFileType = wrapper.framework; name = UIKit.framework; path = System/Library/Frameworks/UIKit.framework; sourceTree = SDKROOT; };
		ABD0461C17F513CD00C0B201 /* GeoTagger-Info.plist */ = {isa = PBXFileReference; lastKnownFileType = text.plist.xml; path = "GeoTagger-Info.plist"; sourceTree = "<group>"; };
		ABD0461E17F513CD00C0B201 /* en */ = {isa = PBXFileReference; lastKnownFileType = text.plist.strings; name = en; path = en.lproj/InfoPlist.strings; sourceTree = "<group>"; };
		ABD0462017F513CD00C0B201 /* main.m */ = {isa = PBXFileReference; lastKnownFileType = sourcecode.c.objc; path = main.m; sourceTree = "<group>"; };
		ABD0462217F513CD00C0B201 /* GeoTagger-Prefix.pch */ = {isa = PBXFileReference; lastKnownFileType = sourcecode.c.h; path = "GeoTagger-Prefix.pch"; sourceTree = "<group>"; };
		ABD0462317F513CD00C0B201 /* GeoTaggerAppDelegate.h */ = {isa = PBXFileReference; lastKnownFileType = sourcecode.c.h; path = GeoTaggerAppDelegate.h; sourceTree = "<group>"; };
		ABD0462417F513CD00C0B201 /* GeoTaggerAppDelegate.m */ = {isa = PBXFileReference; lastKnownFileType = sourcecode.c.objc; path = GeoTaggerAppDelegate.m; sourceTree = "<group>"; };
		ABD0462717F513CD00C0B201 /* Base */ = {isa = PBXFileReference; lastKnownFileType = file.storyboard; name = Base; path = Base.lproj/Main.storyboard; sourceTree = "<group>"; };
		ABD0462917F513CD00C0B201 /* GeoTaggerViewController.h */ = {isa = PBXFileReference; lastKnownFileType = sourcecode.c.h; path = GeoTaggerViewController.h; sourceTree = "<group>"; };
		ABD0462A17F513CD00C0B201 /* GeoTaggerViewController.m */ = {isa = PBXFileReference; lastKnownFileType = sourcecode.c.objc; path = GeoTaggerViewController.m; sourceTree = "<group>"; };
		ABD0462C17F513CD00C0B201 /* Images.xcassets */ = {isa = PBXFileReference; lastKnownFileType = folder.assetcatalog; path = Images.xcassets; sourceTree = "<group>"; };
		ABD0463217F513CD00C0B201 /* GeoTaggerTests.xctest */ = {isa = PBXFileReference; explicitFileType = wrapper.cfbundle; includeInIndex = 0; path = GeoTaggerTests.xctest; sourceTree = BUILT_PRODUCTS_DIR; };
		ABD0463317F513CD00C0B201 /* XCTest.framework */ = {isa = PBXFileReference; lastKnownFileType = wrapper.framework; name = XCTest.framework; path = Library/Frameworks/XCTest.framework; sourceTree = DEVELOPER_DIR; };
		ABD0463B17F513CD00C0B201 /* GeoTaggerTests-Info.plist */ = {isa = PBXFileReference; lastKnownFileType = text.plist.xml; path = "GeoTaggerTests-Info.plist"; sourceTree = "<group>"; };
		ABD0463D17F513CD00C0B201 /* en */ = {isa = PBXFileReference; lastKnownFileType = text.plist.strings; name = en; path = en.lproj/InfoPlist.strings; sourceTree = "<group>"; };
		ABD0464917F513E500C0B201 /* CoreLocation.framework */ = {isa = PBXFileReference; lastKnownFileType = wrapper.framework; name = CoreLocation.framework; path = System/Library/Frameworks/CoreLocation.framework; sourceTree = SDKROOT; };
		ABD0464B17F513F000C0B201 /* MapKit.framework */ = {isa = PBXFileReference; lastKnownFileType = wrapper.framework; name = MapKit.framework; path = System/Library/Frameworks/MapKit.framework; sourceTree = SDKROOT; };
		ABD0469117F5244700C0B201 /* GTMapPoint.h */ = {isa = PBXFileReference; fileEncoding = 4; lastKnownFileType = sourcecode.c.h; path = GTMapPoint.h; sourceTree = "<group>"; };
		ABD0469217F5244700C0B201 /* GTMapPoint.m */ = {isa = PBXFileReference; fileEncoding = 4; lastKnownFileType = sourcecode.c.objc; path = GTMapPoint.m; sourceTree = "<group>"; };
		ABE17C6717FD0B4D0090C95F /* GTListViewController.h */ = {isa = PBXFileReference; fileEncoding = 4; lastKnownFileType = sourcecode.c.h; path = GTListViewController.h; sourceTree = "<group>"; };
		ABE17C6817FD0B4D0090C95F /* GTListViewController.m */ = {isa = PBXFileReference; fileEncoding = 4; lastKnownFileType = sourcecode.c.objc; path = GTListViewController.m; sourceTree = "<group>"; };
		ABE3AFDA183C545B0034319B /* GeoTagger.xcdatamodel */ = {isa = PBXFileReference; lastKnownFileType = wrapper.xcdatamodel; path = GeoTagger.xcdatamodel; sourceTree = "<group>"; };
		ABEF5929183EE61000EA2170 /* GTSettingsViewController.h */ = {isa = PBXFileReference; fileEncoding = 4; lastKnownFileType = sourcecode.c.h; path = GTSettingsViewController.h; sourceTree = "<group>"; };
		ABEF592A183EE61000EA2170 /* GTSettingsViewController.m */ = {isa = PBXFileReference; fileEncoding = 4; lastKnownFileType = sourcecode.c.objc; path = GTSettingsViewController.m; sourceTree = "<group>"; };
		ABEF592C183EE8C800EA2170 /* GTSettings.h */ = {isa = PBXFileReference; fileEncoding = 4; lastKnownFileType = sourcecode.c.h; path = GTSettings.h; sourceTree = "<group>"; };
		ABEF592D183EE8C800EA2170 /* GTSettings.m */ = {isa = PBXFileReference; fileEncoding = 4; lastKnownFileType = sourcecode.c.objc; path = GTSettings.m; sourceTree = "<group>"; };
		ABF0E61A185004B700866D75 /* 4K_logo_app_icon.png */ = {isa = PBXFileReference; lastKnownFileType = image.png; name = 4K_logo_app_icon.png; path = ../4K_logo_app_icon.png; sourceTree = "<group>"; };
		ABF7ECAE184D7FFB00499A9C /* Sync.h */ = {isa = PBXFileReference; fileEncoding = 4; lastKnownFileType = sourcecode.c.h; path = Sync.h; sourceTree = "<group>"; };
		ABF7ECAF184D7FFB00499A9C /* Sync.m */ = {isa = PBXFileReference; fileEncoding = 4; lastKnownFileType = sourcecode.c.objc; path = Sync.m; sourceTree = "<group>"; };
/* End PBXFileReference section */

/* Begin PBXFrameworksBuildPhase section */
		ABD0460E17F513CD00C0B201 /* Frameworks */ = {
			isa = PBXFrameworksBuildPhase;
			buildActionMask = 2147483647;
			files = (
				ABA8BCB217FB687400245158 /* CoreData.framework in Frameworks */,
				ABD0464C17F513F000C0B201 /* MapKit.framework in Frameworks */,
				ABD0464A17F513E500C0B201 /* CoreLocation.framework in Frameworks */,
				ABD0461717F513CD00C0B201 /* CoreGraphics.framework in Frameworks */,
				ABD0461917F513CD00C0B201 /* UIKit.framework in Frameworks */,
				ABD0461517F513CD00C0B201 /* Foundation.framework in Frameworks */,
			);
			runOnlyForDeploymentPostprocessing = 0;
		};
		ABD0462F17F513CD00C0B201 /* Frameworks */ = {
			isa = PBXFrameworksBuildPhase;
			buildActionMask = 2147483647;
			files = (
				ABD0463417F513CD00C0B201 /* XCTest.framework in Frameworks */,
				ABD0463617F513CD00C0B201 /* UIKit.framework in Frameworks */,
				ABD0463517F513CD00C0B201 /* Foundation.framework in Frameworks */,
			);
			runOnlyForDeploymentPostprocessing = 0;
		};
/* End PBXFrameworksBuildPhase section */

/* Begin PBXGroup section */
		ABAA7A39185695DE0002EB3D /* iPad */ = {
			isa = PBXGroup;
			children = (
			);
			name = iPad;
			sourceTree = "<group>";
		};
		ABD0460817F513CD00C0B201 = {
			isa = PBXGroup;
			children = (
				ABD0461A17F513CD00C0B201 /* GeoTagger */,
				ABD0463917F513CD00C0B201 /* GeoTaggerTests */,
				ABD0461317F513CD00C0B201 /* Frameworks */,
				ABD0461217F513CD00C0B201 /* Products */,
			);
			sourceTree = "<group>";
		};
		ABD0461217F513CD00C0B201 /* Products */ = {
			isa = PBXGroup;
			children = (
				ABD0461117F513CD00C0B201 /* GeoTagger.app */,
				ABD0463217F513CD00C0B201 /* GeoTaggerTests.xctest */,
			);
			name = Products;
			sourceTree = "<group>";
		};
		ABD0461317F513CD00C0B201 /* Frameworks */ = {
			isa = PBXGroup;
			children = (
				ABA8BCB117FB687400245158 /* CoreData.framework */,
				ABD0464B17F513F000C0B201 /* MapKit.framework */,
				ABD0464917F513E500C0B201 /* CoreLocation.framework */,
				ABD0461417F513CD00C0B201 /* Foundation.framework */,
				ABD0461617F513CD00C0B201 /* CoreGraphics.framework */,
				ABD0461817F513CD00C0B201 /* UIKit.framework */,
				ABD0463317F513CD00C0B201 /* XCTest.framework */,
			);
			name = Frameworks;
			sourceTree = "<group>";
		};
		ABD0461A17F513CD00C0B201 /* GeoTagger */ = {
			isa = PBXGroup;
			children = (
				ABAA7A39185695DE0002EB3D /* iPad */,
				ABC74333184EC6BD00F44002 /* GTUserInfoUpdateController.h */,
				ABC74334184EC6BD00F44002 /* GTUserInfoUpdateController.m */,
				ABEF592C183EE8C800EA2170 /* GTSettings.h */,
				ABEF592D183EE8C800EA2170 /* GTSettings.m */,
				ABEF5929183EE61000EA2170 /* GTSettingsViewController.h */,
				ABEF592A183EE61000EA2170 /* GTSettingsViewController.m */,
				ABE3AFD9183C545B0034319B /* GeoTagger.xcdatamodeld */,
				ABD0462317F513CD00C0B201 /* GeoTaggerAppDelegate.h */,
				ABD0462417F513CD00C0B201 /* GeoTaggerAppDelegate.m */,
				ABD0462917F513CD00C0B201 /* GeoTaggerViewController.h */,
				ABD0462A17F513CD00C0B201 /* GeoTaggerViewController.m */,
				ABA8BCB317FB68FE00245158 /* GTDataManager.h */,
				ABA8BCB417FB68FE00245158 /* GTDataManager.m */,
				AB597A0417F6326B00970F95 /* GTFormViewController.h */,
				AB597A0517F6326B00970F95 /* GTFormViewController.m */,
				ABE17C6717FD0B4D0090C95F /* GTListViewController.h */,
				ABE17C6817FD0B4D0090C95F /* GTListViewController.m */,
				ABD0469117F5244700C0B201 /* GTMapPoint.h */,
				ABD0469217F5244700C0B201 /* GTMapPoint.m */,
				ABD0462C17F513CD00C0B201 /* Images.xcassets */,
				ABD0462617F513CD00C0B201 /* Main.storyboard */,
				ABD0461B17F513CD00C0B201 /* Supporting Files */,
			);
			path = GeoTagger;
			sourceTree = "<group>";
		};
		ABD0461B17F513CD00C0B201 /* Supporting Files */ = {
			isa = PBXGroup;
			children = (
				AB054E16185020E100D0DB7D /* map-pin-7.png */,
				AB054E14185020B800D0DB7D /* list-star-7.png */,
				ABF0E61A185004B700866D75 /* 4K_logo_app_icon.png */,
				ABC74339184ED14200F44002 /* Settings.h */,
				ABC7433A184ED14200F44002 /* Settings.m */,
				ABF7ECAE184D7FFB00499A9C /* Sync.h */,
				ABF7ECAF184D7FFB00499A9C /* Sync.m */,
				AB6A566C1846C74300318BB3 /* Location.h */,
				AB6A566D1846C74300318BB3 /* Location.m */,
				ABD0461C17F513CD00C0B201 /* GeoTagger-Info.plist */,
				ABD0461D17F513CD00C0B201 /* InfoPlist.strings */,
				ABD0462017F513CD00C0B201 /* main.m */,
				ABD0462217F513CD00C0B201 /* GeoTagger-Prefix.pch */,
			);
			name = "Supporting Files";
			sourceTree = "<group>";
		};
		ABD0463917F513CD00C0B201 /* GeoTaggerTests */ = {
			isa = PBXGroup;
			children = (
				708367D119DCA57700E2FCA0 /* GTDataManagerTests.m */,
				ABD0463A17F513CD00C0B201 /* Supporting Files */,
			);
			path = GeoTaggerTests;
			sourceTree = "<group>";
		};
		ABD0463A17F513CD00C0B201 /* Supporting Files */ = {
			isa = PBXGroup;
			children = (
				ABD0463B17F513CD00C0B201 /* GeoTaggerTests-Info.plist */,
				ABD0463C17F513CD00C0B201 /* InfoPlist.strings */,
			);
			name = "Supporting Files";
			sourceTree = "<group>";
		};
/* End PBXGroup section */

/* Begin PBXNativeTarget section */
		ABD0461017F513CD00C0B201 /* GeoTagger */ = {
			isa = PBXNativeTarget;
			buildConfigurationList = ABD0464317F513CD00C0B201 /* Build configuration list for PBXNativeTarget "GeoTagger" */;
			buildPhases = (
				ABD0460D17F513CD00C0B201 /* Sources */,
				ABD0460E17F513CD00C0B201 /* Frameworks */,
				ABD0460F17F513CD00C0B201 /* Resources */,
			);
			buildRules = (
			);
			dependencies = (
			);
			name = GeoTagger;
			productName = GeoTagger;
			productReference = ABD0461117F513CD00C0B201 /* GeoTagger.app */;
			productType = "com.apple.product-type.application";
		};
		ABD0463117F513CD00C0B201 /* GeoTaggerTests */ = {
			isa = PBXNativeTarget;
			buildConfigurationList = ABD0464617F513CD00C0B201 /* Build configuration list for PBXNativeTarget "GeoTaggerTests" */;
			buildPhases = (
				ABD0462E17F513CD00C0B201 /* Sources */,
				ABD0462F17F513CD00C0B201 /* Frameworks */,
				ABD0463017F513CD00C0B201 /* Resources */,
			);
			buildRules = (
			);
			dependencies = (
				ABD0463817F513CD00C0B201 /* PBXTargetDependency */,
			);
			name = GeoTaggerTests;
			productName = GeoTaggerTests;
			productReference = ABD0463217F513CD00C0B201 /* GeoTaggerTests.xctest */;
			productType = "com.apple.product-type.bundle.unit-test";
		};
/* End PBXNativeTarget section */

/* Begin PBXProject section */
		ABD0460917F513CD00C0B201 /* Project object */ = {
			isa = PBXProject;
			attributes = {
				CLASSPREFIX = GeoTagger;
				LastUpgradeCheck = 0600;
				ORGANIZATIONNAME = msk;
				TargetAttributes = {
					ABD0461017F513CD00C0B201 = {
						DevelopmentTeam = 7YYAD9366T;
					};
					ABD0463117F513CD00C0B201 = {
						TestTargetID = ABD0461017F513CD00C0B201;
					};
				};
			};
			buildConfigurationList = ABD0460C17F513CD00C0B201 /* Build configuration list for PBXProject "GeoTagger" */;
			compatibilityVersion = "Xcode 3.2";
			developmentRegion = English;
			hasScannedForEncodings = 0;
			knownRegions = (
				en,
				Base,
			);
			mainGroup = ABD0460817F513CD00C0B201;
			productRefGroup = ABD0461217F513CD00C0B201 /* Products */;
			projectDirPath = "";
			projectRoot = "";
			targets = (
				ABD0461017F513CD00C0B201 /* GeoTagger */,
				ABD0463117F513CD00C0B201 /* GeoTaggerTests */,
			);
		};
/* End PBXProject section */

/* Begin PBXResourcesBuildPhase section */
		ABD0460F17F513CD00C0B201 /* Resources */ = {
			isa = PBXResourcesBuildPhase;
			buildActionMask = 2147483647;
			files = (
				ABD0462D17F513CD00C0B201 /* Images.xcassets in Resources */,
				ABD0461F17F513CD00C0B201 /* InfoPlist.strings in Resources */,
				ABF0E61B185004B700866D75 /* 4K_logo_app_icon.png in Resources */,
				ABD0462817F513CD00C0B201 /* Main.storyboard in Resources */,
				AB054E17185020E100D0DB7D /* map-pin-7.png in Resources */,
				AB054E15185020B800D0DB7D /* list-star-7.png in Resources */,
			);
			runOnlyForDeploymentPostprocessing = 0;
		};
		ABD0463017F513CD00C0B201 /* Resources */ = {
			isa = PBXResourcesBuildPhase;
			buildActionMask = 2147483647;
			files = (
				ABD0463E17F513CD00C0B201 /* InfoPlist.strings in Resources */,
			);
			runOnlyForDeploymentPostprocessing = 0;
		};
/* End PBXResourcesBuildPhase section */

/* Begin PBXSourcesBuildPhase section */
		ABD0460D17F513CD00C0B201 /* Sources */ = {
			isa = PBXSourcesBuildPhase;
			buildActionMask = 2147483647;
			files = (
				ABEF592B183EE61000EA2170 /* GTSettingsViewController.m in Sources */,
				ABE3AFDB183C545B0034319B /* GeoTagger.xcdatamodeld in Sources */,
				ABE17C6917FD0B4D0090C95F /* GTListViewController.m in Sources */,
				ABD0462B17F513CD00C0B201 /* GeoTaggerViewController.m in Sources */,
				AB6A566E1846C74300318BB3 /* Location.m in Sources */,
				ABD0462517F513CD00C0B201 /* GeoTaggerAppDelegate.m in Sources */,
				ABC7433B184ED14200F44002 /* Settings.m in Sources */,
				ABC74335184EC6BD00F44002 /* GTUserInfoUpdateController.m in Sources */,
				ABF7ECB0184D7FFB00499A9C /* Sync.m in Sources */,
				ABD0469317F5244700C0B201 /* GTMapPoint.m in Sources */,
				ABA8BCB517FB68FE00245158 /* GTDataManager.m in Sources */,
				AB597A0617F6326B00970F95 /* GTFormViewController.m in Sources */,
				ABEF592E183EE8C800EA2170 /* GTSettings.m in Sources */,
				ABD0462117F513CD00C0B201 /* main.m in Sources */,
			);
			runOnlyForDeploymentPostprocessing = 0;
		};
		ABD0462E17F513CD00C0B201 /* Sources */ = {
			isa = PBXSourcesBuildPhase;
			buildActionMask = 2147483647;
			files = (
				708367D219DCA57700E2FCA0 /* GTDataManagerTests.m in Sources */,
			);
			runOnlyForDeploymentPostprocessing = 0;
		};
/* End PBXSourcesBuildPhase section */

/* Begin PBXTargetDependency section */
		ABD0463817F513CD00C0B201 /* PBXTargetDependency */ = {
			isa = PBXTargetDependency;
			target = ABD0461017F513CD00C0B201 /* GeoTagger */;
			targetProxy = ABD0463717F513CD00C0B201 /* PBXContainerItemProxy */;
		};
/* End PBXTargetDependency section */

/* Begin PBXVariantGroup section */
		ABD0461D17F513CD00C0B201 /* InfoPlist.strings */ = {
			isa = PBXVariantGroup;
			children = (
				ABD0461E17F513CD00C0B201 /* en */,
			);
			name = InfoPlist.strings;
			sourceTree = "<group>";
		};
		ABD0462617F513CD00C0B201 /* Main.storyboard */ = {
			isa = PBXVariantGroup;
			children = (
				ABD0462717F513CD00C0B201 /* Base */,
			);
			name = Main.storyboard;
			sourceTree = "<group>";
		};
		ABD0463C17F513CD00C0B201 /* InfoPlist.strings */ = {
			isa = PBXVariantGroup;
			children = (
				ABD0463D17F513CD00C0B201 /* en */,
			);
			name = InfoPlist.strings;
			sourceTree = "<group>";
		};
/* End PBXVariantGroup section */

/* Begin XCBuildConfiguration section */
		ABD0464117F513CD00C0B201 /* Debug */ = {
			isa = XCBuildConfiguration;
			buildSettings = {
				ALWAYS_SEARCH_USER_PATHS = NO;
				CLANG_CXX_LANGUAGE_STANDARD = "gnu++0x";
				CLANG_CXX_LIBRARY = "libc++";
				CLANG_ENABLE_MODULES = YES;
				CLANG_ENABLE_OBJC_ARC = YES;
				CLANG_WARN_BOOL_CONVERSION = YES;
				CLANG_WARN_CONSTANT_CONVERSION = YES;
				CLANG_WARN_DIRECT_OBJC_ISA_USAGE = YES_ERROR;
				CLANG_WARN_EMPTY_BODY = YES;
				CLANG_WARN_ENUM_CONVERSION = YES;
				CLANG_WARN_INT_CONVERSION = YES;
				CLANG_WARN_OBJC_ROOT_CLASS = YES_ERROR;
				CLANG_WARN__DUPLICATE_METHOD_MATCH = YES;
				"CODE_SIGN_IDENTITY[sdk=iphoneos*]" = "iPhone Developer";
				COPY_PHASE_STRIP = NO;
				GCC_C_LANGUAGE_STANDARD = gnu99;
				GCC_DYNAMIC_NO_PIC = NO;
				GCC_OPTIMIZATION_LEVEL = 0;
				GCC_PREPROCESSOR_DEFINITIONS = (
					"DEBUG=1",
					"$(inherited)",
				);
				GCC_SYMBOLS_PRIVATE_EXTERN = NO;
				GCC_WARN_64_TO_32_BIT_CONVERSION = YES;
				GCC_WARN_ABOUT_RETURN_TYPE = YES_ERROR;
				GCC_WARN_UNDECLARED_SELECTOR = YES;
				GCC_WARN_UNINITIALIZED_AUTOS = YES;
				GCC_WARN_UNUSED_FUNCTION = YES;
				GCC_WARN_UNUSED_VARIABLE = YES;
				IPHONEOS_DEPLOYMENT_TARGET = 7.0;
				ONLY_ACTIVE_ARCH = YES;
				SDKROOT = iphoneos;
			};
			name = Debug;
		};
		ABD0464217F513CD00C0B201 /* Release */ = {
			isa = XCBuildConfiguration;
			buildSettings = {
				ALWAYS_SEARCH_USER_PATHS = NO;
				CLANG_CXX_LANGUAGE_STANDARD = "gnu++0x";
				CLANG_CXX_LIBRARY = "libc++";
				CLANG_ENABLE_MODULES = YES;
				CLANG_ENABLE_OBJC_ARC = YES;
				CLANG_WARN_BOOL_CONVERSION = YES;
				CLANG_WARN_CONSTANT_CONVERSION = YES;
				CLANG_WARN_DIRECT_OBJC_ISA_USAGE = YES_ERROR;
				CLANG_WARN_EMPTY_BODY = YES;
				CLANG_WARN_ENUM_CONVERSION = YES;
				CLANG_WARN_INT_CONVERSION = YES;
				CLANG_WARN_OBJC_ROOT_CLASS = YES_ERROR;
				CLANG_WARN__DUPLICATE_METHOD_MATCH = YES;
				"CODE_SIGN_IDENTITY[sdk=iphoneos*]" = "iPhone Developer";
				COPY_PHASE_STRIP = YES;
				ENABLE_NS_ASSERTIONS = NO;
				GCC_C_LANGUAGE_STANDARD = gnu99;
				GCC_WARN_64_TO_32_BIT_CONVERSION = YES;
				GCC_WARN_ABOUT_RETURN_TYPE = YES_ERROR;
				GCC_WARN_UNDECLARED_SELECTOR = YES;
				GCC_WARN_UNINITIALIZED_AUTOS = YES;
				GCC_WARN_UNUSED_FUNCTION = YES;
				GCC_WARN_UNUSED_VARIABLE = YES;
				IPHONEOS_DEPLOYMENT_TARGET = 7.0;
				SDKROOT = iphoneos;
				VALIDATE_PRODUCT = YES;
			};
			name = Release;
		};
		ABD0464417F513CD00C0B201 /* Debug */ = {
			isa = XCBuildConfiguration;
			buildSettings = {
				ASSETCATALOG_COMPILER_APPICON_NAME = AppIcon;
				ASSETCATALOG_COMPILER_LAUNCHIMAGE_NAME = LaunchImage;
				CODE_SIGN_IDENTITY = "iPhone Developer";
				"CODE_SIGN_IDENTITY[sdk=iphoneos*]" = "iPhone Developer";
				GCC_PRECOMPILE_PREFIX_HEADER = YES;
				GCC_PREFIX_HEADER = "GeoTagger/GeoTagger-Prefix.pch";
				INFOPLIST_FILE = "GeoTagger/GeoTagger-Info.plist";
				IPHONEOS_DEPLOYMENT_TARGET = 7.0;
				PRODUCT_NAME = "$(TARGET_NAME)";
				PROVISIONING_PROFILE = "";
				TARGETED_DEVICE_FAMILY = 1;
				WRAPPER_EXTENSION = app;
			};
			name = Debug;
		};
		ABD0464517F513CD00C0B201 /* Release */ = {
			isa = XCBuildConfiguration;
			buildSettings = {
				ASSETCATALOG_COMPILER_APPICON_NAME = AppIcon;
				ASSETCATALOG_COMPILER_LAUNCHIMAGE_NAME = LaunchImage;
				CODE_SIGN_IDENTITY = "iPhone Developer";
				"CODE_SIGN_IDENTITY[sdk=iphoneos*]" = "iPhone Developer";
				GCC_PRECOMPILE_PREFIX_HEADER = YES;
				GCC_PREFIX_HEADER = "GeoTagger/GeoTagger-Prefix.pch";
				INFOPLIST_FILE = "GeoTagger/GeoTagger-Info.plist";
				IPHONEOS_DEPLOYMENT_TARGET = 7.0;
				PRODUCT_NAME = "$(TARGET_NAME)";
				PROVISIONING_PROFILE = "";
				TARGETED_DEVICE_FAMILY = 1;
				WRAPPER_EXTENSION = app;
			};
			name = Release;
		};
		ABD0464717F513CD00C0B201 /* Debug */ = {
			isa = XCBuildConfiguration;
			buildSettings = {
				BUNDLE_LOADER = "$(BUILT_PRODUCTS_DIR)/GeoTagger.app/GeoTagger";
				FRAMEWORK_SEARCH_PATHS = (
					"$(SDKROOT)/Developer/Library/Frameworks",
					"$(inherited)",
					"$(DEVELOPER_FRAMEWORKS_DIR)",
				);
				GCC_PRECOMPILE_PREFIX_HEADER = YES;
				GCC_PREFIX_HEADER = "GeoTagger/GeoTagger-Prefix.pch";
				GCC_PREPROCESSOR_DEFINITIONS = (
					"DEBUG=1",
					"$(inherited)",
				);
				INFOPLIST_FILE = "GeoTaggerTests/GeoTaggerTests-Info.plist";
				PRODUCT_NAME = "$(TARGET_NAME)";
				TEST_HOST = "$(BUNDLE_LOADER)";
				WRAPPER_EXTENSION = xctest;
			};
			name = Debug;
		};
		ABD0464817F513CD00C0B201 /* Release */ = {
			isa = XCBuildConfiguration;
			buildSettings = {
				BUNDLE_LOADER = "$(BUILT_PRODUCTS_DIR)/GeoTagger.app/GeoTagger";
				FRAMEWORK_SEARCH_PATHS = (
					"$(SDKROOT)/Developer/Library/Frameworks",
					"$(inherited)",
					"$(DEVELOPER_FRAMEWORKS_DIR)",
				);
				GCC_PRECOMPILE_PREFIX_HEADER = YES;
				GCC_PREFIX_HEADER = "GeoTagger/GeoTagger-Prefix.pch";
				INFOPLIST_FILE = "GeoTaggerTests/GeoTaggerTests-Info.plist";
				PRODUCT_NAME = "$(TARGET_NAME)";
				TEST_HOST = "$(BUNDLE_LOADER)";
				WRAPPER_EXTENSION = xctest;
			};
			name = Release;
		};
/* End XCBuildConfiguration section */

/* Begin XCConfigurationList section */
		ABD0460C17F513CD00C0B201 /* Build configuration list for PBXProject "GeoTagger" */ = {
			isa = XCConfigurationList;
			buildConfigurations = (
				ABD0464117F513CD00C0B201 /* Debug */,
				ABD0464217F513CD00C0B201 /* Release */,
			);
			defaultConfigurationIsVisible = 0;
			defaultConfigurationName = Release;
		};
		ABD0464317F513CD00C0B201 /* Build configuration list for PBXNativeTarget "GeoTagger" */ = {
			isa = XCConfigurationList;
			buildConfigurations = (
				ABD0464417F513CD00C0B201 /* Debug */,
				ABD0464517F513CD00C0B201 /* Release */,
			);
			defaultConfigurationIsVisible = 0;
			defaultConfigurationName = Release;
		};
		ABD0464617F513CD00C0B201 /* Build configuration list for PBXNativeTarget "GeoTaggerTests" */ = {
			isa = XCConfigurationList;
			buildConfigurations = (
				ABD0464717F513CD00C0B201 /* Debug */,
				ABD0464817F513CD00C0B201 /* Release */,
			);
			defaultConfigurationIsVisible = 0;
			defaultConfigurationName = Release;
		};
/* End XCConfigurationList section */

/* Begin XCVersionGroup section */
		ABE3AFD9183C545B0034319B /* GeoTagger.xcdatamodeld */ = {
			isa = XCVersionGroup;
			children = (
				ABE3AFDA183C545B0034319B /* GeoTagger.xcdatamodel */,
			);
			currentVersion = ABE3AFDA183C545B0034319B /* GeoTagger.xcdatamodel */;
			path = GeoTagger.xcdatamodeld;
			sourceTree = "<group>";
			versionGroupType = wrapper.xcdatamodel;
		};
/* End XCVersionGroup section */
	};
	rootObject = ABD0460917F513CD00C0B201 /* Project object */;
}
